
Microsoft Visual Studio Solution File, Format Version 12.00
# Visual Studio 15
VisualStudioVersion = 15.0.28307.329
MinimumVisualStudioVersion = 10.0.40219.1
Project("{FAE04EC0-301F-11D3-BF4B-00C04F79EFBC}") = "io_info_project", "io_info_project\io_info_project.csproj", "{383A6D0C-C32C-42DE-ADA5-1CBACD228C22}"
EndProject
Global
	GlobalSection(SolutionConfigurationPlatforms) = preSolution
		Debug|Any CPU = Debug|Any CPU
		Release|Any CPU = Release|Any CPU
	EndGlobalSection
	GlobalSection(ProjectConfigurationPlatforms) = postSolution
		{383A6D0C-C32C-42DE-ADA5-1CBACD228C22}.Debug|Any CPU.ActiveCfg = Debug|Any CPU
		{383A6D0C-C32C-42DE-ADA5-1CBACD228C22}.Debug|Any CPU.Build.0 = Debug|Any CPU
		{383A6D0C-C32C-42DE-ADA5-1CBACD228C22}.Release|Any CPU.ActiveCfg = Release|Any CPU
		{383A6D0C-C32C-42DE-ADA5-1CBACD228C22}.Release|Any CPU.Build.0 = Release|Any CPU
	EndGlobalSection
	GlobalSection(SolutionProperties) = preSolution
		HideSolutionNode = FALSE
	EndGlobalSection
	GlobalSection(ExtensibilityGlobals) = postSolution
		SolutionGuid = {6D7D9A95-0BA5-4129-86EB-96D9659C92A3}
	EndGlobalSection
EndGlobal
